
Microsoft Visual Studio Solution File, Format Version 12.00
# Visual Studio 15
VisualStudioVersion = 15.0.28307.705
MinimumVisualStudioVersion = 10.0.40219.1
Project("{8BC9CEB8-8B4A-11D0-8D11-00A0C91BC942}") = "백준 1011", "백준 1011\백준 1011.vcxproj", "{A170FC93-6346-4D0E-8829-4FCC22D7841E}"
EndProject
Global
	GlobalSection(SolutionConfigurationPlatforms) = preSolution
		Debug|x64 = Debug|x64
		Debug|x86 = Debug|x86
		Release|x64 = Release|x64
		Release|x86 = Release|x86
	EndGlobalSection
	GlobalSection(ProjectConfigurationPlatforms) = postSolution
		{A170FC93-6346-4D0E-8829-4FCC22D7841E}.Debug|x64.ActiveCfg = Debug|x64
		{A170FC93-6346-4D0E-8829-4FCC22D7841E}.Debug|x64.Build.0 = Debug|x64
		{A170FC93-6346-4D0E-8829-4FCC22D7841E}.Debug|x86.ActiveCfg = Debug|Win32
		{A170FC93-6346-4D0E-8829-4FCC22D7841E}.Debug|x86.Build.0 = Debug|Win32
		{A170FC93-6346-4D0E-8829-4FCC22D7841E}.Release|x64.ActiveCfg = Release|x64
		{A170FC93-6346-4D0E-8829-4FCC22D7841E}.Release|x64.Build.0 = Release|x64
		{A170FC93-6346-4D0E-8829-4FCC22D7841E}.Release|x86.ActiveCfg = Release|Win32
		{A170FC93-6346-4D0E-8829-4FCC22D7841E}.Release|x86.Build.0 = Release|Win32
	EndGlobalSection
	GlobalSection(SolutionProperties) = preSolution
		HideSolutionNode = FALSE
	EndGlobalSection
	GlobalSection(ExtensibilityGlobals) = postSolution
		SolutionGuid = {93A728AE-E61E-4572-BC5F-78DDDECF29DB}
	EndGlobalSection
EndGlobal
