
Microsoft Visual Studio Solution File, Format Version 12.00
# Visual Studio 15
VisualStudioVersion = 15.0.28307.705
MinimumVisualStudioVersion = 10.0.40219.1
Project("{8BC9CEB8-8B4A-11D0-8D11-00A0C91BC942}") = "백준 4948", "백준 4948\백준 4948.vcxproj", "{12E102F0-C35A-4E87-BF9D-69BE15DDC047}"
EndProject
Global
	GlobalSection(SolutionConfigurationPlatforms) = preSolution
		Debug|x64 = Debug|x64
		Debug|x86 = Debug|x86
		Release|x64 = Release|x64
		Release|x86 = Release|x86
	EndGlobalSection
	GlobalSection(ProjectConfigurationPlatforms) = postSolution
		{12E102F0-C35A-4E87-BF9D-69BE15DDC047}.Debug|x64.ActiveCfg = Debug|x64
		{12E102F0-C35A-4E87-BF9D-69BE15DDC047}.Debug|x64.Build.0 = Debug|x64
		{12E102F0-C35A-4E87-BF9D-69BE15DDC047}.Debug|x86.ActiveCfg = Debug|Win32
		{12E102F0-C35A-4E87-BF9D-69BE15DDC047}.Debug|x86.Build.0 = Debug|Win32
		{12E102F0-C35A-4E87-BF9D-69BE15DDC047}.Release|x64.ActiveCfg = Release|x64
		{12E102F0-C35A-4E87-BF9D-69BE15DDC047}.Release|x64.Build.0 = Release|x64
		{12E102F0-C35A-4E87-BF9D-69BE15DDC047}.Release|x86.ActiveCfg = Release|Win32
		{12E102F0-C35A-4E87-BF9D-69BE15DDC047}.Release|x86.Build.0 = Release|Win32
	EndGlobalSection
	GlobalSection(SolutionProperties) = preSolution
		HideSolutionNode = FALSE
	EndGlobalSection
	GlobalSection(ExtensibilityGlobals) = postSolution
		SolutionGuid = {9A1CF587-786F-47FB-B98A-B84DFB8FF699}
	EndGlobalSection
EndGlobal
