
Microsoft Visual Studio Solution File, Format Version 12.00
# Visual Studio 15
VisualStudioVersion = 15.0.28307.705
MinimumVisualStudioVersion = 10.0.40219.1
Project("{8BC9CEB8-8B4A-11D0-8D11-00A0C91BC942}") = "백준 11720", "백준 11720\백준 11720.vcxproj", "{14FAF482-B91E-4FAA-9135-52506F95E697}"
EndProject
Global
	GlobalSection(SolutionConfigurationPlatforms) = preSolution
		Debug|x64 = Debug|x64
		Debug|x86 = Debug|x86
		Release|x64 = Release|x64
		Release|x86 = Release|x86
	EndGlobalSection
	GlobalSection(ProjectConfigurationPlatforms) = postSolution
		{14FAF482-B91E-4FAA-9135-52506F95E697}.Debug|x64.ActiveCfg = Debug|x64
		{14FAF482-B91E-4FAA-9135-52506F95E697}.Debug|x64.Build.0 = Debug|x64
		{14FAF482-B91E-4FAA-9135-52506F95E697}.Debug|x86.ActiveCfg = Debug|Win32
		{14FAF482-B91E-4FAA-9135-52506F95E697}.Debug|x86.Build.0 = Debug|Win32
		{14FAF482-B91E-4FAA-9135-52506F95E697}.Release|x64.ActiveCfg = Release|x64
		{14FAF482-B91E-4FAA-9135-52506F95E697}.Release|x64.Build.0 = Release|x64
		{14FAF482-B91E-4FAA-9135-52506F95E697}.Release|x86.ActiveCfg = Release|Win32
		{14FAF482-B91E-4FAA-9135-52506F95E697}.Release|x86.Build.0 = Release|Win32
	EndGlobalSection
	GlobalSection(SolutionProperties) = preSolution
		HideSolutionNode = FALSE
	EndGlobalSection
	GlobalSection(ExtensibilityGlobals) = postSolution
		SolutionGuid = {D384E8D0-C819-47E5-8429-E72F84F62110}
	EndGlobalSection
EndGlobal
