
Microsoft Visual Studio Solution File, Format Version 12.00
# Visual Studio 15
VisualStudioVersion = 15.0.28307.705
MinimumVisualStudioVersion = 10.0.40219.1
Project("{8BC9CEB8-8B4A-11D0-8D11-00A0C91BC942}") = "백준 10998", "백준 10998\백준 10998.vcxproj", "{8A49AAC1-D01A-448E-8BA3-EFBB07F602B5}"
EndProject
Global
	GlobalSection(SolutionConfigurationPlatforms) = preSolution
		Debug|x64 = Debug|x64
		Debug|x86 = Debug|x86
		Release|x64 = Release|x64
		Release|x86 = Release|x86
	EndGlobalSection
	GlobalSection(ProjectConfigurationPlatforms) = postSolution
		{8A49AAC1-D01A-448E-8BA3-EFBB07F602B5}.Debug|x64.ActiveCfg = Debug|x64
		{8A49AAC1-D01A-448E-8BA3-EFBB07F602B5}.Debug|x64.Build.0 = Debug|x64
		{8A49AAC1-D01A-448E-8BA3-EFBB07F602B5}.Debug|x86.ActiveCfg = Debug|Win32
		{8A49AAC1-D01A-448E-8BA3-EFBB07F602B5}.Debug|x86.Build.0 = Debug|Win32
		{8A49AAC1-D01A-448E-8BA3-EFBB07F602B5}.Release|x64.ActiveCfg = Release|x64
		{8A49AAC1-D01A-448E-8BA3-EFBB07F602B5}.Release|x64.Build.0 = Release|x64
		{8A49AAC1-D01A-448E-8BA3-EFBB07F602B5}.Release|x86.ActiveCfg = Release|Win32
		{8A49AAC1-D01A-448E-8BA3-EFBB07F602B5}.Release|x86.Build.0 = Release|Win32
	EndGlobalSection
	GlobalSection(SolutionProperties) = preSolution
		HideSolutionNode = FALSE
	EndGlobalSection
	GlobalSection(ExtensibilityGlobals) = postSolution
		SolutionGuid = {08C8BE7C-46ED-4F56-A3D8-43DCF9253E7E}
	EndGlobalSection
EndGlobal
