
Microsoft Visual Studio Solution File, Format Version 12.00
# Visual Studio 15
VisualStudioVersion = 15.0.28307.705
MinimumVisualStudioVersion = 10.0.40219.1
Project("{8BC9CEB8-8B4A-11D0-8D11-00A0C91BC942}") = "백준 2741", "백준 2741\백준 2741.vcxproj", "{59E785C9-EBC8-42D4-8BF5-440940C74BDE}"
EndProject
Global
	GlobalSection(SolutionConfigurationPlatforms) = preSolution
		Debug|x64 = Debug|x64
		Debug|x86 = Debug|x86
		Release|x64 = Release|x64
		Release|x86 = Release|x86
	EndGlobalSection
	GlobalSection(ProjectConfigurationPlatforms) = postSolution
		{59E785C9-EBC8-42D4-8BF5-440940C74BDE}.Debug|x64.ActiveCfg = Debug|x64
		{59E785C9-EBC8-42D4-8BF5-440940C74BDE}.Debug|x64.Build.0 = Debug|x64
		{59E785C9-EBC8-42D4-8BF5-440940C74BDE}.Debug|x86.ActiveCfg = Debug|Win32
		{59E785C9-EBC8-42D4-8BF5-440940C74BDE}.Debug|x86.Build.0 = Debug|Win32
		{59E785C9-EBC8-42D4-8BF5-440940C74BDE}.Release|x64.ActiveCfg = Release|x64
		{59E785C9-EBC8-42D4-8BF5-440940C74BDE}.Release|x64.Build.0 = Release|x64
		{59E785C9-EBC8-42D4-8BF5-440940C74BDE}.Release|x86.ActiveCfg = Release|Win32
		{59E785C9-EBC8-42D4-8BF5-440940C74BDE}.Release|x86.Build.0 = Release|Win32
	EndGlobalSection
	GlobalSection(SolutionProperties) = preSolution
		HideSolutionNode = FALSE
	EndGlobalSection
	GlobalSection(ExtensibilityGlobals) = postSolution
		SolutionGuid = {3DE60555-9E05-432A-BB0F-2F5D93BD91DB}
	EndGlobalSection
EndGlobal
